{
    "_meta": {
        "hash": {
            "sha256": "51248c23af06721e4b1ef1afce987b97ceae053e2d389e993dbd0fc1517d84ad"
        },
        "host-environment-markers": {
            "implementation_name": "cpython",
            "implementation_version": "3.5.3",
            "os_name": "posix",
            "platform_machine": "x86_64",
            "platform_python_implementation": "CPython",
            "platform_release": "4.10.0-38-generic",
            "platform_system": "Linux",
            "platform_version": "#42-Ubuntu SMP Tue Oct 10 13:24:27 UTC 2017",
            "python_full_version": "3.5.3",
            "python_version": "3.5",
            "sys_platform": "linux"
        },
        "pipfile-spec": 6,
        "requires": {},
        "sources": [
            {
                "name": "pypi",
                "url": "https://pypi.python.org/simple",
                "verify_ssl": true
            }
        ]
    },
    "default": {
        "jsonschema": {
            "hashes": [
                "sha256:000e68abd33c972a5248544925a0cae7d1125f9bf6c58280d37546b946769a08",
                "sha256:6ff5f3180870836cae40f06fa10419f557208175f13ad7bc26caa77beb1f6e02"
            ],
            "version": "==2.6.0"
        }
    },
    "develop": {
        "isort": {
            "hashes": [
                "sha256:cd5d3fc2c16006b567a17193edf4ed9830d9454cbeb5a42ac80b36ea00c23db4",
                "sha256:79f46172d3a4e2e53e7016e663cc7a8b538bec525c36675fcfd2767df30b3983"
            ],
            "version": "==4.2.15"
        },
        "yapf": {
            "hashes": [
                "sha256:545028348c0d09ce408a4a8cd6e3d9de495f8c370ec9ba8a00aab179c16e8142",
                "sha256:ff28f8839a9a105854a099026a33f4cbec8bd933554bfed658aec359bfc88ae8"
            ],
            "version": "==0.20.0"
        }
    }
}
